
Microsoft Visual Studio Solution File, Format Version 12.00
# Visual Studio Version 16
VisualStudioVersion = 16.0.31229.75
MinimumVisualStudioVersion = 10.0.40219.1
Project("{9A19103F-16F7-4668-BE54-9A1E7A4F7556}") = "01. Valid Usernames", "01. Valid Usernames\01. Valid Usernames.csproj", "{4C273F3A-CC5B-43AF-99B6-FB68ECF05934}"
EndProject
Project("{FAE04EC0-301F-11D3-BF4B-00C04F79EFBC}") = "02. Character Multiplier", "02. Character Multiplier\02. Character Multiplier.csproj", "{6062F627-7968-481A-B74C-782B126ED8C5}"
EndProject
Project("{FAE04EC0-301F-11D3-BF4B-00C04F79EFBC}") = "03. Extract File", "03. Extract File\03. Extract File.csproj", "{EA5DE1C6-986B-48F0-9A07-8363F2065981}"
EndProject
Global
	GlobalSection(SolutionConfigurationPlatforms) = preSolution
		Debug|Any CPU = Debug|Any CPU
		Release|Any CPU = Release|Any CPU
	EndGlobalSection
	GlobalSection(ProjectConfigurationPlatforms) = postSolution
		{4C273F3A-CC5B-43AF-99B6-FB68ECF05934}.Debug|Any CPU.ActiveCfg = Debug|Any CPU
		{4C273F3A-CC5B-43AF-99B6-FB68ECF05934}.Debug|Any CPU.Build.0 = Debug|Any CPU
		{4C273F3A-CC5B-43AF-99B6-FB68ECF05934}.Release|Any CPU.ActiveCfg = Release|Any CPU
		{4C273F3A-CC5B-43AF-99B6-FB68ECF05934}.Release|Any CPU.Build.0 = Release|Any CPU
		{6062F627-7968-481A-B74C-782B126ED8C5}.Debug|Any CPU.ActiveCfg = Debug|Any CPU
		{6062F627-7968-481A-B74C-782B126ED8C5}.Debug|Any CPU.Build.0 = Debug|Any CPU
		{6062F627-7968-481A-B74C-782B126ED8C5}.Release|Any CPU.ActiveCfg = Release|Any CPU
		{6062F627-7968-481A-B74C-782B126ED8C5}.Release|Any CPU.Build.0 = Release|Any CPU
		{EA5DE1C6-986B-48F0-9A07-8363F2065981}.Debug|Any CPU.ActiveCfg = Debug|Any CPU
		{EA5DE1C6-986B-48F0-9A07-8363F2065981}.Debug|Any CPU.Build.0 = Debug|Any CPU
		{EA5DE1C6-986B-48F0-9A07-8363F2065981}.Release|Any CPU.ActiveCfg = Release|Any CPU
		{EA5DE1C6-986B-48F0-9A07-8363F2065981}.Release|Any CPU.Build.0 = Release|Any CPU
	EndGlobalSection
	GlobalSection(SolutionProperties) = preSolution
		HideSolutionNode = FALSE
	EndGlobalSection
	GlobalSection(ExtensibilityGlobals) = postSolution
		SolutionGuid = {77143981-7588-4E11-836B-8B0C3546FB80}
	EndGlobalSection
EndGlobal
