
Microsoft Visual Studio Solution File, Format Version 12.00
# Visual Studio 15
VisualStudioVersion = 15.0.28010.2019
MinimumVisualStudioVersion = 10.0.40219.1
Project("{FAE04EC0-301F-11D3-BF4B-00C04F79EFBC}") = "data type", "data type\data type.csproj", "{5FEFC47A-66D3-4A16-AC95-D027B7A0F981}"
EndProject
Project("{FAE04EC0-301F-11D3-BF4B-00C04F79EFBC}") = "зад2", "Triangle\зад2.csproj", "{09D92711-19DE-47DC-AF22-4455E89935A6}"
EndProject
Global
	GlobalSection(SolutionConfigurationPlatforms) = preSolution
		Debug|Any CPU = Debug|Any CPU
		Release|Any CPU = Release|Any CPU
	EndGlobalSection
	GlobalSection(ProjectConfigurationPlatforms) = postSolution
		{5FEFC47A-66D3-4A16-AC95-D027B7A0F981}.Debug|Any CPU.ActiveCfg = Debug|Any CPU
		{5FEFC47A-66D3-4A16-AC95-D027B7A0F981}.Debug|Any CPU.Build.0 = Debug|Any CPU
		{5FEFC47A-66D3-4A16-AC95-D027B7A0F981}.Release|Any CPU.ActiveCfg = Release|Any CPU
		{5FEFC47A-66D3-4A16-AC95-D027B7A0F981}.Release|Any CPU.Build.0 = Release|Any CPU
		{09D92711-19DE-47DC-AF22-4455E89935A6}.Debug|Any CPU.ActiveCfg = Debug|Any CPU
		{09D92711-19DE-47DC-AF22-4455E89935A6}.Debug|Any CPU.Build.0 = Debug|Any CPU
		{09D92711-19DE-47DC-AF22-4455E89935A6}.Release|Any CPU.ActiveCfg = Release|Any CPU
		{09D92711-19DE-47DC-AF22-4455E89935A6}.Release|Any CPU.Build.0 = Release|Any CPU
	EndGlobalSection
	GlobalSection(SolutionProperties) = preSolution
		HideSolutionNode = FALSE
	EndGlobalSection
	GlobalSection(ExtensibilityGlobals) = postSolution
		SolutionGuid = {D2C42093-7CAB-4FE9-99AA-5EF32E90BF40}
	EndGlobalSection
EndGlobal
