
Microsoft Visual Studio Solution File, Format Version 12.00
# Visual Studio 15
VisualStudioVersion = 15.0.28010.2019
MinimumVisualStudioVersion = 10.0.40219.1
Project("{9A19103F-16F7-4668-BE54-9A1E7A4F7556}") = "BankAccount.Tests", "BankAccount.Tests\BankAccount.Tests.csproj", "{6D06BD47-E070-4260-9F22-D598E34E4FCA}"
EndProject
Project("{9A19103F-16F7-4668-BE54-9A1E7A4F7556}") = "BankAccount", "BankAccount\BankAccount.csproj", "{7484C6ED-74B3-4D40-9B64-566F6B3515EF}"
EndProject
Project("{FAE04EC0-301F-11D3-BF4B-00C04F79EFBC}") = "BankAccountMS.Tests", "BankAccountMS.Tests\BankAccountMS.Tests.csproj", "{F2281AC4-D46D-427F-BAAC-A6ED53F6D1F8}"
EndProject
Global
	GlobalSection(SolutionConfigurationPlatforms) = preSolution
		Debug|Any CPU = Debug|Any CPU
		Release|Any CPU = Release|Any CPU
	EndGlobalSection
	GlobalSection(ProjectConfigurationPlatforms) = postSolution
		{6D06BD47-E070-4260-9F22-D598E34E4FCA}.Debug|Any CPU.ActiveCfg = Debug|Any CPU
		{6D06BD47-E070-4260-9F22-D598E34E4FCA}.Debug|Any CPU.Build.0 = Debug|Any CPU
		{6D06BD47-E070-4260-9F22-D598E34E4FCA}.Release|Any CPU.ActiveCfg = Release|Any CPU
		{6D06BD47-E070-4260-9F22-D598E34E4FCA}.Release|Any CPU.Build.0 = Release|Any CPU
		{7484C6ED-74B3-4D40-9B64-566F6B3515EF}.Debug|Any CPU.ActiveCfg = Debug|Any CPU
		{7484C6ED-74B3-4D40-9B64-566F6B3515EF}.Debug|Any CPU.Build.0 = Debug|Any CPU
		{7484C6ED-74B3-4D40-9B64-566F6B3515EF}.Release|Any CPU.ActiveCfg = Release|Any CPU
		{7484C6ED-74B3-4D40-9B64-566F6B3515EF}.Release|Any CPU.Build.0 = Release|Any CPU
		{F2281AC4-D46D-427F-BAAC-A6ED53F6D1F8}.Debug|Any CPU.ActiveCfg = Debug|Any CPU
		{F2281AC4-D46D-427F-BAAC-A6ED53F6D1F8}.Debug|Any CPU.Build.0 = Debug|Any CPU
		{F2281AC4-D46D-427F-BAAC-A6ED53F6D1F8}.Release|Any CPU.ActiveCfg = Release|Any CPU
		{F2281AC4-D46D-427F-BAAC-A6ED53F6D1F8}.Release|Any CPU.Build.0 = Release|Any CPU
	EndGlobalSection
	GlobalSection(SolutionProperties) = preSolution
		HideSolutionNode = FALSE
	EndGlobalSection
	GlobalSection(ExtensibilityGlobals) = postSolution
		SolutionGuid = {8BDCA64F-403F-4C4A-AA80-C288CAB40884}
	EndGlobalSection
EndGlobal
