
Microsoft Visual Studio Solution File, Format Version 12.00
# Visual Studio 15
VisualStudioVersion = 15.0.28010.2019
MinimumVisualStudioVersion = 10.0.40219.1
Project("{FAE04EC0-301F-11D3-BF4B-00C04F79EFBC}") = "ConsoleMVC", "ConsoleMVC\ConsoleMVC.csproj", "{1D8C6A99-3F98-46E9-8571-18AE4B63E674}"
EndProject
Global
	GlobalSection(SolutionConfigurationPlatforms) = preSolution
		Debug|Any CPU = Debug|Any CPU
		Release|Any CPU = Release|Any CPU
	EndGlobalSection
	GlobalSection(ProjectConfigurationPlatforms) = postSolution
		{1D8C6A99-3F98-46E9-8571-18AE4B63E674}.Debug|Any CPU.ActiveCfg = Debug|Any CPU
		{1D8C6A99-3F98-46E9-8571-18AE4B63E674}.Debug|Any CPU.Build.0 = Debug|Any CPU
		{1D8C6A99-3F98-46E9-8571-18AE4B63E674}.Release|Any CPU.ActiveCfg = Release|Any CPU
		{1D8C6A99-3F98-46E9-8571-18AE4B63E674}.Release|Any CPU.Build.0 = Release|Any CPU
	EndGlobalSection
	GlobalSection(SolutionProperties) = preSolution
		HideSolutionNode = FALSE
	EndGlobalSection
	GlobalSection(ExtensibilityGlobals) = postSolution
		SolutionGuid = {BA491867-CB8C-4A85-9A72-84036B35C2B1}
	EndGlobalSection
EndGlobal
