
Microsoft Visual Studio Solution File, Format Version 12.00
# Visual Studio Version 16
VisualStudioVersion = 16.0.30711.63
MinimumVisualStudioVersion = 10.0.40219.1
Project("{9A19103F-16F7-4668-BE54-9A1E7A4F7556}") = "01. Clock", "01. Clock\01. Clock.csproj", "{9B1EE6B4-B58D-49DC-96AC-610D6A7BAB4C}"
EndProject
Project("{9A19103F-16F7-4668-BE54-9A1E7A4F7556}") = "02. Multiplication Table", "02. Multiplication Table\02. Multiplication Table.csproj", "{5C60506E-7511-4DE6-BF25-135E23437895}"
EndProject
Project("{9A19103F-16F7-4668-BE54-9A1E7A4F7556}") = "03. Combinations", "03. Combinations\03. Combinations.csproj", "{E35C9E26-A653-4792-ADDD-FC17ECD3E010}"
EndProject
Project("{9A19103F-16F7-4668-BE54-9A1E7A4F7556}") = "04. Sum of Two Numbers", "04. Sum of Two Numbers\04. Sum of Two Numbers.csproj", "{B7720AB7-41B8-4656-A436-9F9AA5EA160A}"
EndProject
Project("{9A19103F-16F7-4668-BE54-9A1E7A4F7556}") = "05. Travelling", "05. Travelling\05. Travelling.csproj", "{9B1D46BC-35B6-4002-9FFB-B68BC6BCA318}"
EndProject
Project("{9A19103F-16F7-4668-BE54-9A1E7A4F7556}") = "07. Cinema Tickets", "07. Cinema Tickets\07. Cinema Tickets.csproj", "{E14BC722-61C0-4BEB-B8E8-54B86E98E30F}"
EndProject
Project("{FAE04EC0-301F-11D3-BF4B-00C04F79EFBC}") = "06. Building", "06. Building\06. Building.csproj", "{9A93B806-6251-4043-ADB8-854A6AC214AD}"
EndProject
Global
	GlobalSection(SolutionConfigurationPlatforms) = preSolution
		Debug|Any CPU = Debug|Any CPU
		Release|Any CPU = Release|Any CPU
	EndGlobalSection
	GlobalSection(ProjectConfigurationPlatforms) = postSolution
		{9B1EE6B4-B58D-49DC-96AC-610D6A7BAB4C}.Debug|Any CPU.ActiveCfg = Debug|Any CPU
		{9B1EE6B4-B58D-49DC-96AC-610D6A7BAB4C}.Debug|Any CPU.Build.0 = Debug|Any CPU
		{9B1EE6B4-B58D-49DC-96AC-610D6A7BAB4C}.Release|Any CPU.ActiveCfg = Release|Any CPU
		{9B1EE6B4-B58D-49DC-96AC-610D6A7BAB4C}.Release|Any CPU.Build.0 = Release|Any CPU
		{5C60506E-7511-4DE6-BF25-135E23437895}.Debug|Any CPU.ActiveCfg = Debug|Any CPU
		{5C60506E-7511-4DE6-BF25-135E23437895}.Debug|Any CPU.Build.0 = Debug|Any CPU
		{5C60506E-7511-4DE6-BF25-135E23437895}.Release|Any CPU.ActiveCfg = Release|Any CPU
		{5C60506E-7511-4DE6-BF25-135E23437895}.Release|Any CPU.Build.0 = Release|Any CPU
		{E35C9E26-A653-4792-ADDD-FC17ECD3E010}.Debug|Any CPU.ActiveCfg = Debug|Any CPU
		{E35C9E26-A653-4792-ADDD-FC17ECD3E010}.Debug|Any CPU.Build.0 = Debug|Any CPU
		{E35C9E26-A653-4792-ADDD-FC17ECD3E010}.Release|Any CPU.ActiveCfg = Release|Any CPU
		{E35C9E26-A653-4792-ADDD-FC17ECD3E010}.Release|Any CPU.Build.0 = Release|Any CPU
		{B7720AB7-41B8-4656-A436-9F9AA5EA160A}.Debug|Any CPU.ActiveCfg = Debug|Any CPU
		{B7720AB7-41B8-4656-A436-9F9AA5EA160A}.Debug|Any CPU.Build.0 = Debug|Any CPU
		{B7720AB7-41B8-4656-A436-9F9AA5EA160A}.Release|Any CPU.ActiveCfg = Release|Any CPU
		{B7720AB7-41B8-4656-A436-9F9AA5EA160A}.Release|Any CPU.Build.0 = Release|Any CPU
		{9B1D46BC-35B6-4002-9FFB-B68BC6BCA318}.Debug|Any CPU.ActiveCfg = Debug|Any CPU
		{9B1D46BC-35B6-4002-9FFB-B68BC6BCA318}.Debug|Any CPU.Build.0 = Debug|Any CPU
		{9B1D46BC-35B6-4002-9FFB-B68BC6BCA318}.Release|Any CPU.ActiveCfg = Release|Any CPU
		{9B1D46BC-35B6-4002-9FFB-B68BC6BCA318}.Release|Any CPU.Build.0 = Release|Any CPU
		{E14BC722-61C0-4BEB-B8E8-54B86E98E30F}.Debug|Any CPU.ActiveCfg = Debug|Any CPU
		{E14BC722-61C0-4BEB-B8E8-54B86E98E30F}.Debug|Any CPU.Build.0 = Debug|Any CPU
		{E14BC722-61C0-4BEB-B8E8-54B86E98E30F}.Release|Any CPU.ActiveCfg = Release|Any CPU
		{E14BC722-61C0-4BEB-B8E8-54B86E98E30F}.Release|Any CPU.Build.0 = Release|Any CPU
		{9A93B806-6251-4043-ADB8-854A6AC214AD}.Debug|Any CPU.ActiveCfg = Debug|Any CPU
		{9A93B806-6251-4043-ADB8-854A6AC214AD}.Debug|Any CPU.Build.0 = Debug|Any CPU
		{9A93B806-6251-4043-ADB8-854A6AC214AD}.Release|Any CPU.ActiveCfg = Release|Any CPU
		{9A93B806-6251-4043-ADB8-854A6AC214AD}.Release|Any CPU.Build.0 = Release|Any CPU
	EndGlobalSection
	GlobalSection(SolutionProperties) = preSolution
		HideSolutionNode = FALSE
	EndGlobalSection
	GlobalSection(ExtensibilityGlobals) = postSolution
		SolutionGuid = {9F75E28D-C77D-4DEC-A846-6052ABC856AB}
	EndGlobalSection
EndGlobal
