
Microsoft Visual Studio Solution File, Format Version 12.00
# Visual Studio Version 16
VisualStudioVersion = 16.0.31229.75
MinimumVisualStudioVersion = 10.0.40219.1
Project("{9A19103F-16F7-4668-BE54-9A1E7A4F7556}") = "1. Diagonal Difference", "1. Diagonal Difference\1. Diagonal Difference.csproj", "{4CE06D4B-9BBC-4216-A894-25EA9ABAE606}"
EndProject
Project("{9A19103F-16F7-4668-BE54-9A1E7A4F7556}") = "2. Squares in Matrix", "2. Squares in Matrix\2. Squares in Matrix.csproj", "{97B9457E-B6B4-42BC-B1AF-534485185354}"
EndProject
Project("{9A19103F-16F7-4668-BE54-9A1E7A4F7556}") = "3. Maximal Sum", "3. Maximal Sum\3. Maximal Sum.csproj", "{23358724-572D-4E24-A20A-34D9D514A462}"
EndProject
Project("{FAE04EC0-301F-11D3-BF4B-00C04F79EFBC}") = "4. Matrix Shuffling", "4. Matrix Shuffling\4. Matrix Shuffling.csproj", "{61CC928D-BE4A-47D0-A397-4782BB47CC78}"
EndProject
Global
	GlobalSection(SolutionConfigurationPlatforms) = preSolution
		Debug|Any CPU = Debug|Any CPU
		Release|Any CPU = Release|Any CPU
	EndGlobalSection
	GlobalSection(ProjectConfigurationPlatforms) = postSolution
		{4CE06D4B-9BBC-4216-A894-25EA9ABAE606}.Debug|Any CPU.ActiveCfg = Debug|Any CPU
		{4CE06D4B-9BBC-4216-A894-25EA9ABAE606}.Debug|Any CPU.Build.0 = Debug|Any CPU
		{4CE06D4B-9BBC-4216-A894-25EA9ABAE606}.Release|Any CPU.ActiveCfg = Release|Any CPU
		{4CE06D4B-9BBC-4216-A894-25EA9ABAE606}.Release|Any CPU.Build.0 = Release|Any CPU
		{97B9457E-B6B4-42BC-B1AF-534485185354}.Debug|Any CPU.ActiveCfg = Debug|Any CPU
		{97B9457E-B6B4-42BC-B1AF-534485185354}.Debug|Any CPU.Build.0 = Debug|Any CPU
		{97B9457E-B6B4-42BC-B1AF-534485185354}.Release|Any CPU.ActiveCfg = Release|Any CPU
		{97B9457E-B6B4-42BC-B1AF-534485185354}.Release|Any CPU.Build.0 = Release|Any CPU
		{23358724-572D-4E24-A20A-34D9D514A462}.Debug|Any CPU.ActiveCfg = Debug|Any CPU
		{23358724-572D-4E24-A20A-34D9D514A462}.Debug|Any CPU.Build.0 = Debug|Any CPU
		{23358724-572D-4E24-A20A-34D9D514A462}.Release|Any CPU.ActiveCfg = Release|Any CPU
		{23358724-572D-4E24-A20A-34D9D514A462}.Release|Any CPU.Build.0 = Release|Any CPU
		{61CC928D-BE4A-47D0-A397-4782BB47CC78}.Debug|Any CPU.ActiveCfg = Debug|Any CPU
		{61CC928D-BE4A-47D0-A397-4782BB47CC78}.Debug|Any CPU.Build.0 = Debug|Any CPU
		{61CC928D-BE4A-47D0-A397-4782BB47CC78}.Release|Any CPU.ActiveCfg = Release|Any CPU
		{61CC928D-BE4A-47D0-A397-4782BB47CC78}.Release|Any CPU.Build.0 = Release|Any CPU
	EndGlobalSection
	GlobalSection(SolutionProperties) = preSolution
		HideSolutionNode = FALSE
	EndGlobalSection
	GlobalSection(ExtensibilityGlobals) = postSolution
		SolutionGuid = {AC524785-63EC-4B20-A54F-D5B415ACBEE7}
	EndGlobalSection
EndGlobal
