
Microsoft Visual Studio Solution File, Format Version 12.00
# Visual Studio Version 16
VisualStudioVersion = 16.0.30523.141
MinimumVisualStudioVersion = 10.0.40219.1
Project("{FAE04EC0-301F-11D3-BF4B-00C04F79EFBC}") = "07. Projects Creation", "07. Projects Creation\07. Projects Creation.csproj", "{6C30B1C2-2EA4-40DA-81F7-6CF3E786E93F}"
EndProject
Global
	GlobalSection(SolutionConfigurationPlatforms) = preSolution
		Debug|Any CPU = Debug|Any CPU
		Release|Any CPU = Release|Any CPU
	EndGlobalSection
	GlobalSection(ProjectConfigurationPlatforms) = postSolution
		{6C30B1C2-2EA4-40DA-81F7-6CF3E786E93F}.Debug|Any CPU.ActiveCfg = Debug|Any CPU
		{6C30B1C2-2EA4-40DA-81F7-6CF3E786E93F}.Debug|Any CPU.Build.0 = Debug|Any CPU
		{6C30B1C2-2EA4-40DA-81F7-6CF3E786E93F}.Release|Any CPU.ActiveCfg = Release|Any CPU
		{6C30B1C2-2EA4-40DA-81F7-6CF3E786E93F}.Release|Any CPU.Build.0 = Release|Any CPU
	EndGlobalSection
	GlobalSection(SolutionProperties) = preSolution
		HideSolutionNode = FALSE
	EndGlobalSection
	GlobalSection(ExtensibilityGlobals) = postSolution
		SolutionGuid = {F8F8AE2E-372E-4EE2-BA1E-C7A98269666C}
	EndGlobalSection
EndGlobal
