
Microsoft Visual Studio Solution File, Format Version 12.00
# Visual Studio 15
VisualStudioVersion = 15.0.28010.2019
MinimumVisualStudioVersion = 10.0.40219.1
Project("{FAE04EC0-301F-11D3-BF4B-00C04F79EFBC}") = "YravnMasiv", "YravnMasiv\YravnMasiv.csproj", "{AEA25FCD-A430-4BB7-A5D4-C52562ABEEDD}"
EndProject
Global
	GlobalSection(SolutionConfigurationPlatforms) = preSolution
		Debug|Any CPU = Debug|Any CPU
		Release|Any CPU = Release|Any CPU
	EndGlobalSection
	GlobalSection(ProjectConfigurationPlatforms) = postSolution
		{AEA25FCD-A430-4BB7-A5D4-C52562ABEEDD}.Debug|Any CPU.ActiveCfg = Debug|Any CPU
		{AEA25FCD-A430-4BB7-A5D4-C52562ABEEDD}.Debug|Any CPU.Build.0 = Debug|Any CPU
		{AEA25FCD-A430-4BB7-A5D4-C52562ABEEDD}.Release|Any CPU.ActiveCfg = Release|Any CPU
		{AEA25FCD-A430-4BB7-A5D4-C52562ABEEDD}.Release|Any CPU.Build.0 = Release|Any CPU
	EndGlobalSection
	GlobalSection(SolutionProperties) = preSolution
		HideSolutionNode = FALSE
	EndGlobalSection
	GlobalSection(ExtensibilityGlobals) = postSolution
		SolutionGuid = {75755CCD-D7CA-4814-9830-AA3687E17312}
	EndGlobalSection
EndGlobal
