
Microsoft Visual Studio Solution File, Format Version 12.00
# Visual Studio 15
VisualStudioVersion = 15.0.28010.2019
MinimumVisualStudioVersion = 10.0.40219.1
Project("{FAE04EC0-301F-11D3-BF4B-00C04F79EFBC}") = "RustNaYchen", "BubbleSort\RustNaYchen.csproj", "{E5F4D577-B896-4500-ACD2-7771B410F594}"
EndProject
Project("{FAE04EC0-301F-11D3-BF4B-00C04F79EFBC}") = "BubbleSortNeNarastvasht", "BubbleSortNeNarastvasht\BubbleSortNeNarastvasht.csproj", "{8675C56C-FEA7-4218-BF26-C55696381A97}"
EndProject
Project("{FAE04EC0-301F-11D3-BF4B-00C04F79EFBC}") = "BubbleSort1", "BubbleSort1\BubbleSort1.csproj", "{11AA99E1-3F40-411E-9564-4FDFFAFF30B4}"
EndProject
Global
	GlobalSection(SolutionConfigurationPlatforms) = preSolution
		Debug|Any CPU = Debug|Any CPU
		Release|Any CPU = Release|Any CPU
	EndGlobalSection
	GlobalSection(ProjectConfigurationPlatforms) = postSolution
		{E5F4D577-B896-4500-ACD2-7771B410F594}.Debug|Any CPU.ActiveCfg = Debug|Any CPU
		{E5F4D577-B896-4500-ACD2-7771B410F594}.Debug|Any CPU.Build.0 = Debug|Any CPU
		{E5F4D577-B896-4500-ACD2-7771B410F594}.Release|Any CPU.ActiveCfg = Release|Any CPU
		{E5F4D577-B896-4500-ACD2-7771B410F594}.Release|Any CPU.Build.0 = Release|Any CPU
		{8675C56C-FEA7-4218-BF26-C55696381A97}.Debug|Any CPU.ActiveCfg = Debug|Any CPU
		{8675C56C-FEA7-4218-BF26-C55696381A97}.Debug|Any CPU.Build.0 = Debug|Any CPU
		{8675C56C-FEA7-4218-BF26-C55696381A97}.Release|Any CPU.ActiveCfg = Release|Any CPU
		{8675C56C-FEA7-4218-BF26-C55696381A97}.Release|Any CPU.Build.0 = Release|Any CPU
		{11AA99E1-3F40-411E-9564-4FDFFAFF30B4}.Debug|Any CPU.ActiveCfg = Debug|Any CPU
		{11AA99E1-3F40-411E-9564-4FDFFAFF30B4}.Debug|Any CPU.Build.0 = Debug|Any CPU
		{11AA99E1-3F40-411E-9564-4FDFFAFF30B4}.Release|Any CPU.ActiveCfg = Release|Any CPU
		{11AA99E1-3F40-411E-9564-4FDFFAFF30B4}.Release|Any CPU.Build.0 = Release|Any CPU
	EndGlobalSection
	GlobalSection(SolutionProperties) = preSolution
		HideSolutionNode = FALSE
	EndGlobalSection
	GlobalSection(ExtensibilityGlobals) = postSolution
		SolutionGuid = {EA97BB6A-6049-4655-89DD-37CBCC2A57C3}
	EndGlobalSection
EndGlobal
