
Microsoft Visual Studio Solution File, Format Version 12.00
# Visual Studio Version 16
VisualStudioVersion = 16.0.30523.141
MinimumVisualStudioVersion = 10.0.40219.1
Project("{FAE04EC0-301F-11D3-BF4B-00C04F79EFBC}") = "ConcatenataData", "ConcatenataData\ConcatenataData.csproj", "{984D0991-327A-4E1A-B945-DB60D99563C2}"
EndProject
Global
	GlobalSection(SolutionConfigurationPlatforms) = preSolution
		Debug|Any CPU = Debug|Any CPU
		Release|Any CPU = Release|Any CPU
	EndGlobalSection
	GlobalSection(ProjectConfigurationPlatforms) = postSolution
		{984D0991-327A-4E1A-B945-DB60D99563C2}.Debug|Any CPU.ActiveCfg = Debug|Any CPU
		{984D0991-327A-4E1A-B945-DB60D99563C2}.Debug|Any CPU.Build.0 = Debug|Any CPU
		{984D0991-327A-4E1A-B945-DB60D99563C2}.Release|Any CPU.ActiveCfg = Release|Any CPU
		{984D0991-327A-4E1A-B945-DB60D99563C2}.Release|Any CPU.Build.0 = Release|Any CPU
	EndGlobalSection
	GlobalSection(SolutionProperties) = preSolution
		HideSolutionNode = FALSE
	EndGlobalSection
	GlobalSection(ExtensibilityGlobals) = postSolution
		SolutionGuid = {484A7031-1E8C-4592-B2AA-B1008ABFD9B1}
	EndGlobalSection
EndGlobal
