
Microsoft Visual Studio Solution File, Format Version 12.00
# Visual Studio Version 16
VisualStudioVersion = 16.0.31702.278
MinimumVisualStudioVersion = 10.0.40219.1
Project("{FAE04EC0-301F-11D3-BF4B-00C04F79EFBC}") = "01. Action Print", "01. Action Print\01. Action Print.csproj", "{D39203D1-A5F7-4B8F-8EF7-78FA331BA04C}"
EndProject
Project("{FAE04EC0-301F-11D3-BF4B-00C04F79EFBC}") = "02. Knights of Honor", "02. Knights of Honor\02. Knights of Honor.csproj", "{CD0F26B4-3FCF-474C-8D08-CBE138643D20}"
EndProject
Project("{FAE04EC0-301F-11D3-BF4B-00C04F79EFBC}") = "03. Custom Min Function", "03. Custom Min Function\03. Custom Min Function.csproj", "{27C7C755-CA01-4DE9-BC5D-EAA8A2B44086}"
EndProject
Project("{FAE04EC0-301F-11D3-BF4B-00C04F79EFBC}") = "04. Find Evens or Odds", "04. Find Evens or Odds\04. Find Evens or Odds.csproj", "{894FAF19-C1BA-4CC3-806C-2BBFDCD394F6}"
EndProject
Project("{FAE04EC0-301F-11D3-BF4B-00C04F79EFBC}") = "05. Applied Arithmetics", "05. Applied Arithmetics\05. Applied Arithmetics.csproj", "{17DEBD1E-8AEF-47F8-9CFF-68E45D84D3C4}"
EndProject
Global
	GlobalSection(SolutionConfigurationPlatforms) = preSolution
		Debug|Any CPU = Debug|Any CPU
		Release|Any CPU = Release|Any CPU
	EndGlobalSection
	GlobalSection(ProjectConfigurationPlatforms) = postSolution
		{D39203D1-A5F7-4B8F-8EF7-78FA331BA04C}.Debug|Any CPU.ActiveCfg = Debug|Any CPU
		{D39203D1-A5F7-4B8F-8EF7-78FA331BA04C}.Debug|Any CPU.Build.0 = Debug|Any CPU
		{D39203D1-A5F7-4B8F-8EF7-78FA331BA04C}.Release|Any CPU.ActiveCfg = Release|Any CPU
		{D39203D1-A5F7-4B8F-8EF7-78FA331BA04C}.Release|Any CPU.Build.0 = Release|Any CPU
		{CD0F26B4-3FCF-474C-8D08-CBE138643D20}.Debug|Any CPU.ActiveCfg = Debug|Any CPU
		{CD0F26B4-3FCF-474C-8D08-CBE138643D20}.Debug|Any CPU.Build.0 = Debug|Any CPU
		{CD0F26B4-3FCF-474C-8D08-CBE138643D20}.Release|Any CPU.ActiveCfg = Release|Any CPU
		{CD0F26B4-3FCF-474C-8D08-CBE138643D20}.Release|Any CPU.Build.0 = Release|Any CPU
		{27C7C755-CA01-4DE9-BC5D-EAA8A2B44086}.Debug|Any CPU.ActiveCfg = Debug|Any CPU
		{27C7C755-CA01-4DE9-BC5D-EAA8A2B44086}.Debug|Any CPU.Build.0 = Debug|Any CPU
		{27C7C755-CA01-4DE9-BC5D-EAA8A2B44086}.Release|Any CPU.ActiveCfg = Release|Any CPU
		{27C7C755-CA01-4DE9-BC5D-EAA8A2B44086}.Release|Any CPU.Build.0 = Release|Any CPU
		{894FAF19-C1BA-4CC3-806C-2BBFDCD394F6}.Debug|Any CPU.ActiveCfg = Debug|Any CPU
		{894FAF19-C1BA-4CC3-806C-2BBFDCD394F6}.Debug|Any CPU.Build.0 = Debug|Any CPU
		{894FAF19-C1BA-4CC3-806C-2BBFDCD394F6}.Release|Any CPU.ActiveCfg = Release|Any CPU
		{894FAF19-C1BA-4CC3-806C-2BBFDCD394F6}.Release|Any CPU.Build.0 = Release|Any CPU
		{17DEBD1E-8AEF-47F8-9CFF-68E45D84D3C4}.Debug|Any CPU.ActiveCfg = Debug|Any CPU
		{17DEBD1E-8AEF-47F8-9CFF-68E45D84D3C4}.Debug|Any CPU.Build.0 = Debug|Any CPU
		{17DEBD1E-8AEF-47F8-9CFF-68E45D84D3C4}.Release|Any CPU.ActiveCfg = Release|Any CPU
		{17DEBD1E-8AEF-47F8-9CFF-68E45D84D3C4}.Release|Any CPU.Build.0 = Release|Any CPU
	EndGlobalSection
	GlobalSection(SolutionProperties) = preSolution
		HideSolutionNode = FALSE
	EndGlobalSection
	GlobalSection(ExtensibilityGlobals) = postSolution
		SolutionGuid = {DA01AF69-1CD5-4F7A-BF15-AC694EA01391}
	EndGlobalSection
EndGlobal
