
Microsoft Visual Studio Solution File, Format Version 12.00
# Visual Studio Version 16
VisualStudioVersion = 16.0.30523.141
MinimumVisualStudioVersion = 10.0.40219.1
Project("{FAE04EC0-301F-11D3-BF4B-00C04F79EFBC}") = "08. Pet Shop", "08. Pet Shop\08. Pet Shop.csproj", "{E94D4923-CEDB-42EB-8CF6-0E37EB69AC1A}"
EndProject
Global
	GlobalSection(SolutionConfigurationPlatforms) = preSolution
		Debug|Any CPU = Debug|Any CPU
		Release|Any CPU = Release|Any CPU
	EndGlobalSection
	GlobalSection(ProjectConfigurationPlatforms) = postSolution
		{E94D4923-CEDB-42EB-8CF6-0E37EB69AC1A}.Debug|Any CPU.ActiveCfg = Debug|Any CPU
		{E94D4923-CEDB-42EB-8CF6-0E37EB69AC1A}.Debug|Any CPU.Build.0 = Debug|Any CPU
		{E94D4923-CEDB-42EB-8CF6-0E37EB69AC1A}.Release|Any CPU.ActiveCfg = Release|Any CPU
		{E94D4923-CEDB-42EB-8CF6-0E37EB69AC1A}.Release|Any CPU.Build.0 = Release|Any CPU
	EndGlobalSection
	GlobalSection(SolutionProperties) = preSolution
		HideSolutionNode = FALSE
	EndGlobalSection
	GlobalSection(ExtensibilityGlobals) = postSolution
		SolutionGuid = {657298CC-4588-4F1D-95AA-49FF2876EC30}
	EndGlobalSection
EndGlobal
