
Microsoft Visual Studio Solution File, Format Version 12.00
# Visual Studio Version 16
VisualStudioVersion = 16.0.30711.63
MinimumVisualStudioVersion = 10.0.40219.1
Project("{FAE04EC0-301F-11D3-BF4B-00C04F79EFBC}") = "RefactoringDemos", "RefactoringDemos\RefactoringDemos.csproj", "{824D99D6-FC97-463D-94CB-DE1A0B9D5503}"
EndProject
Project("{FAE04EC0-301F-11D3-BF4B-00C04F79EFBC}") = "RefactoringDemo.Tests", "RefactoringDemo.Tests\RefactoringDemo.Tests.csproj", "{1F8839DB-4BCC-4272-B0B3-5D27B805CD50}"
EndProject
Global
	GlobalSection(SolutionConfigurationPlatforms) = preSolution
		Debug|Any CPU = Debug|Any CPU
		Release|Any CPU = Release|Any CPU
	EndGlobalSection
	GlobalSection(ProjectConfigurationPlatforms) = postSolution
		{824D99D6-FC97-463D-94CB-DE1A0B9D5503}.Debug|Any CPU.ActiveCfg = Debug|Any CPU
		{824D99D6-FC97-463D-94CB-DE1A0B9D5503}.Debug|Any CPU.Build.0 = Debug|Any CPU
		{824D99D6-FC97-463D-94CB-DE1A0B9D5503}.Release|Any CPU.ActiveCfg = Release|Any CPU
		{824D99D6-FC97-463D-94CB-DE1A0B9D5503}.Release|Any CPU.Build.0 = Release|Any CPU
		{1F8839DB-4BCC-4272-B0B3-5D27B805CD50}.Debug|Any CPU.ActiveCfg = Debug|Any CPU
		{1F8839DB-4BCC-4272-B0B3-5D27B805CD50}.Debug|Any CPU.Build.0 = Debug|Any CPU
		{1F8839DB-4BCC-4272-B0B3-5D27B805CD50}.Release|Any CPU.ActiveCfg = Release|Any CPU
		{1F8839DB-4BCC-4272-B0B3-5D27B805CD50}.Release|Any CPU.Build.0 = Release|Any CPU
	EndGlobalSection
	GlobalSection(SolutionProperties) = preSolution
		HideSolutionNode = FALSE
	EndGlobalSection
	GlobalSection(ExtensibilityGlobals) = postSolution
		SolutionGuid = {9D3EC7FC-8F2D-4A72-AE6E-6B251C267017}
	EndGlobalSection
EndGlobal
