
Microsoft Visual Studio Solution File, Format Version 12.00
# Visual Studio Version 16
VisualStudioVersion = 16.0.30711.63
MinimumVisualStudioVersion = 10.0.40219.1
Project("{9A19103F-16F7-4668-BE54-9A1E7A4F7556}") = "01. Old Books", "01. Old Books\01. Old Books.csproj", "{4E83DEA4-5389-4F70-A6C1-B3BEFA8209DA}"
EndProject
Project("{9A19103F-16F7-4668-BE54-9A1E7A4F7556}") = "02. Exam Preparation", "02. Exam Preparation\02. Exam Preparation.csproj", "{98778718-4546-4FA5-85CC-905CFE45242A}"
EndProject
Project("{FAE04EC0-301F-11D3-BF4B-00C04F79EFBC}") = "03. Vacation", "03. Vacation\03. Vacation.csproj", "{B2C951FA-AAC4-4FEE-B804-4166AB974153}"
EndProject
Global
	GlobalSection(SolutionConfigurationPlatforms) = preSolution
		Debug|Any CPU = Debug|Any CPU
		Release|Any CPU = Release|Any CPU
	EndGlobalSection
	GlobalSection(ProjectConfigurationPlatforms) = postSolution
		{4E83DEA4-5389-4F70-A6C1-B3BEFA8209DA}.Debug|Any CPU.ActiveCfg = Debug|Any CPU
		{4E83DEA4-5389-4F70-A6C1-B3BEFA8209DA}.Debug|Any CPU.Build.0 = Debug|Any CPU
		{4E83DEA4-5389-4F70-A6C1-B3BEFA8209DA}.Release|Any CPU.ActiveCfg = Release|Any CPU
		{4E83DEA4-5389-4F70-A6C1-B3BEFA8209DA}.Release|Any CPU.Build.0 = Release|Any CPU
		{98778718-4546-4FA5-85CC-905CFE45242A}.Debug|Any CPU.ActiveCfg = Debug|Any CPU
		{98778718-4546-4FA5-85CC-905CFE45242A}.Debug|Any CPU.Build.0 = Debug|Any CPU
		{98778718-4546-4FA5-85CC-905CFE45242A}.Release|Any CPU.ActiveCfg = Release|Any CPU
		{98778718-4546-4FA5-85CC-905CFE45242A}.Release|Any CPU.Build.0 = Release|Any CPU
		{B2C951FA-AAC4-4FEE-B804-4166AB974153}.Debug|Any CPU.ActiveCfg = Debug|Any CPU
		{B2C951FA-AAC4-4FEE-B804-4166AB974153}.Debug|Any CPU.Build.0 = Debug|Any CPU
		{B2C951FA-AAC4-4FEE-B804-4166AB974153}.Release|Any CPU.ActiveCfg = Release|Any CPU
		{B2C951FA-AAC4-4FEE-B804-4166AB974153}.Release|Any CPU.Build.0 = Release|Any CPU
	EndGlobalSection
	GlobalSection(SolutionProperties) = preSolution
		HideSolutionNode = FALSE
	EndGlobalSection
	GlobalSection(ExtensibilityGlobals) = postSolution
		SolutionGuid = {18A395A4-C0C7-421B-B787-B6F393340525}
	EndGlobalSection
EndGlobal
