
Microsoft Visual Studio Solution File, Format Version 12.00
# Visual Studio 15
VisualStudioVersion = 15.0.28010.2019
MinimumVisualStudioVersion = 10.0.40219.1
Project("{FAE04EC0-301F-11D3-BF4B-00C04F79EFBC}") = "WindowsFormsSort", "WindowsFormsSort\WindowsFormsSort.csproj", "{15C0F6BD-744F-4F07-84A5-7C14B6C30572}"
EndProject
Project("{FAE04EC0-301F-11D3-BF4B-00C04F79EFBC}") = "ConsoleApp1", "ConsoleApp1\ConsoleApp1.csproj", "{630F26E2-956E-483F-9B28-F5174EB2FE68}"
EndProject
Global
	GlobalSection(SolutionConfigurationPlatforms) = preSolution
		Debug|Any CPU = Debug|Any CPU
		Release|Any CPU = Release|Any CPU
	EndGlobalSection
	GlobalSection(ProjectConfigurationPlatforms) = postSolution
		{15C0F6BD-744F-4F07-84A5-7C14B6C30572}.Debug|Any CPU.ActiveCfg = Debug|Any CPU
		{15C0F6BD-744F-4F07-84A5-7C14B6C30572}.Debug|Any CPU.Build.0 = Debug|Any CPU
		{15C0F6BD-744F-4F07-84A5-7C14B6C30572}.Release|Any CPU.ActiveCfg = Release|Any CPU
		{15C0F6BD-744F-4F07-84A5-7C14B6C30572}.Release|Any CPU.Build.0 = Release|Any CPU
		{630F26E2-956E-483F-9B28-F5174EB2FE68}.Debug|Any CPU.ActiveCfg = Debug|Any CPU
		{630F26E2-956E-483F-9B28-F5174EB2FE68}.Debug|Any CPU.Build.0 = Debug|Any CPU
		{630F26E2-956E-483F-9B28-F5174EB2FE68}.Release|Any CPU.ActiveCfg = Release|Any CPU
		{630F26E2-956E-483F-9B28-F5174EB2FE68}.Release|Any CPU.Build.0 = Release|Any CPU
	EndGlobalSection
	GlobalSection(SolutionProperties) = preSolution
		HideSolutionNode = FALSE
	EndGlobalSection
	GlobalSection(ExtensibilityGlobals) = postSolution
		SolutionGuid = {C76F5B7B-D074-4D10-92CC-AF59E91FC61F}
	EndGlobalSection
EndGlobal
